
Microsoft Visual Studio Solution File, Format Version 12.00
# Visual Studio Version 16
VisualStudioVersion = 16.0.30517.126
MinimumVisualStudioVersion = 10.0.40219.1
Project("{FAE04EC0-301F-11D3-BF4B-00C04F79EFBC}") = "FoodMartConsoleApp", "FoodMartConsoleApp\FoodMartConsoleApp.csproj", "{88DC5BB9-EB87-4642-B9A7-DA4EC31BF4A6}"
EndProject
Project("{FAE04EC0-301F-11D3-BF4B-00C04F79EFBC}") = "Test", "Test\Test.csproj", "{22172D3F-A5E7-4A1D-A6C4-0D8F4586BE47}"
EndProject
Project("{FAE04EC0-301F-11D3-BF4B-00C04F79EFBC}") = "FoodMart.Services", "FoodMart.Services\FoodMart.Services.csproj", "{991B4C5F-930D-43EF-8797-B19B742BD51A}"
EndProject
Project("{9A19103F-16F7-4668-BE54-9A1E7A4F7556}") = "ConsoleCoreAppFoodMart", "FoodMartConsoleCoreApp\ConsoleCoreAppFoodMart.csproj", "{4449492C-BDDF-4791-A687-B65990522081}"
EndProject
Project("{9A19103F-16F7-4668-BE54-9A1E7A4F7556}") = "ConsoleCoreLibrary.Services", "ConsoleCoreLibrary\ConsoleCoreLibrary.Services.csproj", "{5B589629-4A75-4C80-92D6-D262CD0E0D29}"
EndProject
Project("{FAE04EC0-301F-11D3-BF4B-00C04F79EFBC}") = "ConsoleCoreLibraryTest", "ConsoleCoreLibraryTest\ConsoleCoreLibraryTest.csproj", "{366DEB4A-B3EC-4FBD-9EA5-4505E34BCF5F}"
EndProject
Global
	GlobalSection(SolutionConfigurationPlatforms) = preSolution
		Debug|Any CPU = Debug|Any CPU
		Release|Any CPU = Release|Any CPU
	EndGlobalSection
	GlobalSection(ProjectConfigurationPlatforms) = postSolution
		{88DC5BB9-EB87-4642-B9A7-DA4EC31BF4A6}.Debug|Any CPU.ActiveCfg = Debug|Any CPU
		{88DC5BB9-EB87-4642-B9A7-DA4EC31BF4A6}.Debug|Any CPU.Build.0 = Debug|Any CPU
		{88DC5BB9-EB87-4642-B9A7-DA4EC31BF4A6}.Release|Any CPU.ActiveCfg = Release|Any CPU
		{88DC5BB9-EB87-4642-B9A7-DA4EC31BF4A6}.Release|Any CPU.Build.0 = Release|Any CPU
		{22172D3F-A5E7-4A1D-A6C4-0D8F4586BE47}.Debug|Any CPU.ActiveCfg = Debug|Any CPU
		{22172D3F-A5E7-4A1D-A6C4-0D8F4586BE47}.Debug|Any CPU.Build.0 = Debug|Any CPU
		{22172D3F-A5E7-4A1D-A6C4-0D8F4586BE47}.Release|Any CPU.ActiveCfg = Release|Any CPU
		{22172D3F-A5E7-4A1D-A6C4-0D8F4586BE47}.Release|Any CPU.Build.0 = Release|Any CPU
		{991B4C5F-930D-43EF-8797-B19B742BD51A}.Debug|Any CPU.ActiveCfg = Debug|Any CPU
		{991B4C5F-930D-43EF-8797-B19B742BD51A}.Debug|Any CPU.Build.0 = Debug|Any CPU
		{991B4C5F-930D-43EF-8797-B19B742BD51A}.Release|Any CPU.ActiveCfg = Release|Any CPU
		{991B4C5F-930D-43EF-8797-B19B742BD51A}.Release|Any CPU.Build.0 = Release|Any CPU
		{4449492C-BDDF-4791-A687-B65990522081}.Debug|Any CPU.ActiveCfg = Debug|Any CPU
		{4449492C-BDDF-4791-A687-B65990522081}.Debug|Any CPU.Build.0 = Debug|Any CPU
		{4449492C-BDDF-4791-A687-B65990522081}.Release|Any CPU.ActiveCfg = Release|Any CPU
		{4449492C-BDDF-4791-A687-B65990522081}.Release|Any CPU.Build.0 = Release|Any CPU
		{5B589629-4A75-4C80-92D6-D262CD0E0D29}.Debug|Any CPU.ActiveCfg = Debug|Any CPU
		{5B589629-4A75-4C80-92D6-D262CD0E0D29}.Debug|Any CPU.Build.0 = Debug|Any CPU
		{5B589629-4A75-4C80-92D6-D262CD0E0D29}.Release|Any CPU.ActiveCfg = Release|Any CPU
		{5B589629-4A75-4C80-92D6-D262CD0E0D29}.Release|Any CPU.Build.0 = Release|Any CPU
		{366DEB4A-B3EC-4FBD-9EA5-4505E34BCF5F}.Debug|Any CPU.ActiveCfg = Debug|Any CPU
		{366DEB4A-B3EC-4FBD-9EA5-4505E34BCF5F}.Debug|Any CPU.Build.0 = Debug|Any CPU
		{366DEB4A-B3EC-4FBD-9EA5-4505E34BCF5F}.Release|Any CPU.ActiveCfg = Release|Any CPU
		{366DEB4A-B3EC-4FBD-9EA5-4505E34BCF5F}.Release|Any CPU.Build.0 = Release|Any CPU
	EndGlobalSection
	GlobalSection(SolutionProperties) = preSolution
		HideSolutionNode = FALSE
	EndGlobalSection
	GlobalSection(ExtensibilityGlobals) = postSolution
		SolutionGuid = {7E4DBD97-4F0E-4C15-A2A3-FCCB704364D6}
	EndGlobalSection
EndGlobal
